
Microsoft Visual Studio Solution File, Format Version 12.00
# Visual Studio 15
VisualStudioVersion = 15.0.27004.2002
MinimumVisualStudioVersion = 10.0.40219.1
Project("{FAE04EC0-301F-11D3-BF4B-00C04F79EFBC}") = "SmilePhone", "SmilePhone\SmilePhone.csproj", "{346E2B5F-66A3-409D-834F-94A50EAF8F5F}"
EndProject
Project("{FAE04EC0-301F-11D3-BF4B-00C04F79EFBC}") = "BUS", "BUS\BUS.csproj", "{3A76A284-B4D9-4502-B244-16D8CB89E9F2}"
EndProject
Project("{FAE04EC0-301F-11D3-BF4B-00C04F79EFBC}") = "DAL", "DAL\DAL.csproj", "{77FF60C0-4736-427B-8712-7BFE1F78C07E}"
EndProject
Global
	GlobalSection(SolutionConfigurationPlatforms) = preSolution
		Debug|Any CPU = Debug|Any CPU
		Release|Any CPU = Release|Any CPU
	EndGlobalSection
	GlobalSection(ProjectConfigurationPlatforms) = postSolution
		{346E2B5F-66A3-409D-834F-94A50EAF8F5F}.Debug|Any CPU.ActiveCfg = Debug|Any CPU
		{346E2B5F-66A3-409D-834F-94A50EAF8F5F}.Debug|Any CPU.Build.0 = Debug|Any CPU
		{346E2B5F-66A3-409D-834F-94A50EAF8F5F}.Release|Any CPU.ActiveCfg = Release|Any CPU
		{346E2B5F-66A3-409D-834F-94A50EAF8F5F}.Release|Any CPU.Build.0 = Release|Any CPU
		{3A76A284-B4D9-4502-B244-16D8CB89E9F2}.Debug|Any CPU.ActiveCfg = Debug|Any CPU
		{3A76A284-B4D9-4502-B244-16D8CB89E9F2}.Debug|Any CPU.Build.0 = Debug|Any CPU
		{3A76A284-B4D9-4502-B244-16D8CB89E9F2}.Release|Any CPU.ActiveCfg = Release|Any CPU
		{3A76A284-B4D9-4502-B244-16D8CB89E9F2}.Release|Any CPU.Build.0 = Release|Any CPU
		{77FF60C0-4736-427B-8712-7BFE1F78C07E}.Debug|Any CPU.ActiveCfg = Debug|Any CPU
		{77FF60C0-4736-427B-8712-7BFE1F78C07E}.Debug|Any CPU.Build.0 = Debug|Any CPU
		{77FF60C0-4736-427B-8712-7BFE1F78C07E}.Release|Any CPU.ActiveCfg = Release|Any CPU
		{77FF60C0-4736-427B-8712-7BFE1F78C07E}.Release|Any CPU.Build.0 = Release|Any CPU
	EndGlobalSection
	GlobalSection(SolutionProperties) = preSolution
		HideSolutionNode = FALSE
	EndGlobalSection
	GlobalSection(ExtensibilityGlobals) = postSolution
		SolutionGuid = {A0A592E7-ACBE-4558-AC72-4BF38F586B3D}
	EndGlobalSection
EndGlobal
